
Microsoft Visual Studio Solution File, Format Version 12.00
# Visual Studio Version 17
VisualStudioVersion = 17.7.34202.233
MinimumVisualStudioVersion = 10.0.40219.1
Project("{FAE04EC0-301F-11D3-BF4B-00C04F79EFBC}") = "RiLib.MAUI", "RiLib.MAUI.csproj", "{909507A7-F9D2-4C19-BEC2-49E421EC2626}"
EndProject
Global
	GlobalSection(SolutionConfigurationPlatforms) = preSolution
		Debug|Any CPU = Debug|Any CPU
		Release|Any CPU = Release|Any CPU
	EndGlobalSection
	GlobalSection(ProjectConfigurationPlatforms) = postSolution
		{909507A7-F9D2-4C19-BEC2-49E421EC2626}.Debug|Any CPU.ActiveCfg = Debug|Any CPU
		{909507A7-F9D2-4C19-BEC2-49E421EC2626}.Debug|Any CPU.Build.0 = Debug|Any CPU
		{909507A7-F9D2-4C19-BEC2-49E421EC2626}.Release|Any CPU.ActiveCfg = Release|Any CPU
		{909507A7-F9D2-4C19-BEC2-49E421EC2626}.Release|Any CPU.Build.0 = Release|Any CPU
	EndGlobalSection
	GlobalSection(SolutionProperties) = preSolution
		HideSolutionNode = FALSE
	EndGlobalSection
	GlobalSection(ExtensibilityGlobals) = postSolution
		SolutionGuid = {3BDD9583-F637-4C3B-8744-B64E8CA8CB10}
	EndGlobalSection
EndGlobal
